
Microsoft Visual Studio Solution File, Format Version 12.00
# Visual Studio Version 16
VisualStudioVersion = 16.0.30002.166
MinimumVisualStudioVersion = 10.0.40219.1
Project("{FAE04EC0-301F-11D3-BF4B-00C04F79EFBC}") = "LinqInCS", "LinqInCS\LinqInCS.csproj", "{6E16FC56-AF56-43C3-A5C0-166D4354C063}"
EndProject
Global
	GlobalSection(SolutionConfigurationPlatforms) = preSolution
		Debug|Any CPU = Debug|Any CPU
		Release|Any CPU = Release|Any CPU
	EndGlobalSection
	GlobalSection(ProjectConfigurationPlatforms) = postSolution
		{6E16FC56-AF56-43C3-A5C0-166D4354C063}.Debug|Any CPU.ActiveCfg = Debug|Any CPU
		{6E16FC56-AF56-43C3-A5C0-166D4354C063}.Debug|Any CPU.Build.0 = Debug|Any CPU
		{6E16FC56-AF56-43C3-A5C0-166D4354C063}.Release|Any CPU.ActiveCfg = Release|Any CPU
		{6E16FC56-AF56-43C3-A5C0-166D4354C063}.Release|Any CPU.Build.0 = Release|Any CPU
	EndGlobalSection
	GlobalSection(SolutionProperties) = preSolution
		HideSolutionNode = FALSE
	EndGlobalSection
	GlobalSection(ExtensibilityGlobals) = postSolution
		SolutionGuid = {982CA051-DA03-42E0-8873-E85B9BDAB8AF}
	EndGlobalSection
EndGlobal
